
Microsoft Visual Studio Solution File, Format Version 11.00
# Visual Studio 2010
Project("{FAE04EC0-301F-11D3-BF4B-00C04F79EFBC}") = "MessagePack", "MessagePack.csproj", "{396c62b3-bca2-df81-4aa0-87ebf4719ce2}"
EndProject
Project("{FAE04EC0-301F-11D3-BF4B-00C04F79EFBC}") = "Unity.2D.Animation.Editor", "Unity.2D.Animation.Editor.csproj", "{57f6d286-2a22-4be4-7044-7230643ccdf4}"
EndProject
Project("{FAE04EC0-301F-11D3-BF4B-00C04F79EFBC}") = "Unity.Burst", "Unity.Burst.csproj", "{e5894b92-2f98-45c2-4a0d-bc9c6512a449}"
EndProject
Project("{FAE04EC0-301F-11D3-BF4B-00C04F79EFBC}") = "Unity.2D.Aseprite.Editor", "Unity.2D.Aseprite.Editor.csproj", "{4a21847b-64e4-abac-af1b-332c4c5764bd}"
EndProject
Project("{FAE04EC0-301F-11D3-BF4B-00C04F79EFBC}") = "Unity.2D.Psdimporter.Editor", "Unity.2D.Psdimporter.Editor.csproj", "{abaf8135-1149-eff2-2ed7-9200315a1241}"
EndProject
Project("{FAE04EC0-301F-11D3-BF4B-00C04F79EFBC}") = "Unity.Mathematics", "Unity.Mathematics.csproj", "{3496c5aa-699e-8a21-fe04-be1b2467592a}"
EndProject
Project("{FAE04EC0-301F-11D3-BF4B-00C04F79EFBC}") = "Unity.2D.PixelPerfect.Editor", "Unity.2D.PixelPerfect.Editor.csproj", "{6fd2c7c7-451d-d3c6-6532-10e195c9c702}"
EndProject
Project("{FAE04EC0-301F-11D3-BF4B-00C04F79EFBC}") = "Unity.2D.Common.Path.Editor", "Unity.2D.Common.Path.Editor.csproj", "{3c7c2359-71ab-378b-93c9-a24816e33c20}"
EndProject
Project("{FAE04EC0-301F-11D3-BF4B-00C04F79EFBC}") = "Unity.2D.IK.Runtime", "Unity.2D.IK.Runtime.csproj", "{75d27bd4-af58-17ec-3c5d-f28df8c8ad7e}"
EndProject
Project("{FAE04EC0-301F-11D3-BF4B-00C04F79EFBC}") = "UnityEditor.TestRunner", "UnityEditor.TestRunner.csproj", "{8529aeb7-b5d1-07fa-0fa4-160c3191c210}"
EndProject
Project("{FAE04EC0-301F-11D3-BF4B-00C04F79EFBC}") = "PsdPlugin", "PsdPlugin.csproj", "{cf5a9223-d95c-6e5f-24f9-02e8c450b1de}"
EndProject
Project("{FAE04EC0-301F-11D3-BF4B-00C04F79EFBC}") = "UnityEngine.TestRunner", "UnityEngine.TestRunner.csproj", "{56c03ac6-22e6-5382-bd62-b84ccf7f6852}"
EndProject
Project("{FAE04EC0-301F-11D3-BF4B-00C04F79EFBC}") = "Assembly-CSharp", "Assembly-CSharp.csproj", "{7acb1a99-85cc-1e4b-ce9a-c9c5fdec3f6f}"
EndProject
Project("{FAE04EC0-301F-11D3-BF4B-00C04F79EFBC}") = "Unity.2D.IK.Editor", "Unity.2D.IK.Editor.csproj", "{a135df6f-d7d6-40d7-38cb-496a0848bd62}"
EndProject
Project("{FAE04EC0-301F-11D3-BF4B-00C04F79EFBC}") = "Unity.Rider.Editor", "Unity.Rider.Editor.csproj", "{1eae5507-7618-b67e-cf11-2868cdd402ac}"
EndProject
Project("{FAE04EC0-301F-11D3-BF4B-00C04F79EFBC}") = "Unity.Collections", "Unity.Collections.csproj", "{eeafaaf3-0a1a-612f-b9cb-44a81bd3c62b}"
EndProject
Project("{FAE04EC0-301F-11D3-BF4B-00C04F79EFBC}") = "Unity.2D.SpriteShape.Editor", "Unity.2D.SpriteShape.Editor.csproj", "{41bdf173-cf60-2e68-a79f-315f69b39893}"
EndProject
Project("{FAE04EC0-301F-11D3-BF4B-00C04F79EFBC}") = "Unity.2D.Tilemap.Extras.Editor", "Unity.2D.Tilemap.Extras.Editor.csproj", "{74ac45ab-33ee-63e2-8d88-cd91d1390223}"
EndProject
Project("{FAE04EC0-301F-11D3-BF4B-00C04F79EFBC}") = "Unity.2D.PixelPerfect", "Unity.2D.PixelPerfect.csproj", "{8680e22c-ee85-b570-ed06-45790fbfa770}"
EndProject
Project("{FAE04EC0-301F-11D3-BF4B-00C04F79EFBC}") = "Unity.InternalAPIEditorBridge.001", "Unity.InternalAPIEditorBridge.001.csproj", "{4a7794f1-f672-9042-9021-2679a6cf930f}"
EndProject
Project("{FAE04EC0-301F-11D3-BF4B-00C04F79EFBC}") = "Unity.2D.SpriteShape.Runtime", "Unity.2D.SpriteShape.Runtime.csproj", "{f31e7813-9523-a533-862b-bda3ac7ef77c}"
EndProject
Project("{FAE04EC0-301F-11D3-BF4B-00C04F79EFBC}") = "Unity.2D.Animation.Runtime", "Unity.2D.Animation.Runtime.csproj", "{fb4ad0ee-2513-0a2c-09be-216c3418651d}"
EndProject
Project("{FAE04EC0-301F-11D3-BF4B-00C04F79EFBC}") = "Unity.Burst.CodeGen", "Unity.Burst.CodeGen.csproj", "{aa3c7b1e-b579-2d25-57c3-58ad579d688a}"
EndProject
Project("{FAE04EC0-301F-11D3-BF4B-00C04F79EFBC}") = "Unity.2D.Tilemap.Extras", "Unity.2D.Tilemap.Extras.csproj", "{22aed5b7-2500-8be5-8e3a-f7daa1ccbcaf}"
EndProject
Project("{FAE04EC0-301F-11D3-BF4B-00C04F79EFBC}") = "Unity.Burst.Editor", "Unity.Burst.Editor.csproj", "{3f3ee718-8f58-a4e0-f679-47ce70bb30a0}"
EndProject
Project("{FAE04EC0-301F-11D3-BF4B-00C04F79EFBC}") = "Unity.Collections.BurstCompatibilityGen", "Unity.Collections.BurstCompatibilityGen.csproj", "{ad9d36c4-f798-bd10-2700-371134c5b692}"
EndProject
Project("{FAE04EC0-301F-11D3-BF4B-00C04F79EFBC}") = "Unity.2D.Aseprite.Common", "Unity.2D.Aseprite.Common.csproj", "{419eaead-5bdc-42fc-f1f4-cd0d40ab1e73}"
EndProject
Project("{FAE04EC0-301F-11D3-BF4B-00C04F79EFBC}") = "Unity.2D.Common.Editor", "Unity.2D.Common.Editor.csproj", "{af869755-2f7c-f791-456b-4706fa39dd06}"
EndProject
Project("{FAE04EC0-301F-11D3-BF4B-00C04F79EFBC}") = "Unity.InternalAPIEngineBridge.001", "Unity.InternalAPIEngineBridge.001.csproj", "{115c5cad-5157-968a-30ac-cbb9ad3fde5b}"
EndProject
Project("{FAE04EC0-301F-11D3-BF4B-00C04F79EFBC}") = "Unity.2D.Common.Runtime", "Unity.2D.Common.Runtime.csproj", "{5437b3fd-61b5-3e89-2c31-0e1e08433bc0}"
EndProject
Project("{FAE04EC0-301F-11D3-BF4B-00C04F79EFBC}") = "Unity.Collections.DocCodeSamples", "Unity.Collections.DocCodeSamples.csproj", "{4316b86b-c7ea-1fbe-b78e-d77f36419877}"
EndProject
Project("{FAE04EC0-301F-11D3-BF4B-00C04F79EFBC}") = "MessagePack.Annotations", "MessagePack.Annotations.csproj", "{949e4940-5740-145e-dca8-e9c2ec000646}"
EndProject
Project("{FAE04EC0-301F-11D3-BF4B-00C04F79EFBC}") = "Unity.Mathematics.Editor", "Unity.Mathematics.Editor.csproj", "{4b5ccc82-8e67-3a3f-3eae-98edb4a1ce01}"
EndProject
Project("{FAE04EC0-301F-11D3-BF4B-00C04F79EFBC}") = "Unity.Mathematics.Tests", "Unity.Mathematics.Tests.csproj", "{02314e7d-d437-6338-95a6-a12f1be2e560}"
EndProject
Project("{FAE04EC0-301F-11D3-BF4B-00C04F79EFBC}") = "Unity.2D.Aseprite.EditorTests", "Unity.2D.Aseprite.EditorTests.csproj", "{59b72af8-8371-bb0d-6fc0-40ad018cad44}"
EndProject
Project("{FAE04EC0-301F-11D3-BF4B-00C04F79EFBC}") = "Unity.2D.PixelPerfect.Editor.Tests", "Unity.2D.PixelPerfect.Editor.Tests.csproj", "{ddfcd39c-067e-b6f0-d531-e5e4159c7f97}"
EndProject
Project("{FAE04EC0-301F-11D3-BF4B-00C04F79EFBC}") = "Unity.2D.SpriteShape.EditorTests", "Unity.2D.SpriteShape.EditorTests.csproj", "{3e8cf8d7-fc60-6ba7-2a49-d71d180565cb}"
EndProject
Project("{FAE04EC0-301F-11D3-BF4B-00C04F79EFBC}") = "Unity.2D.Common.EditorTests", "Unity.2D.Common.EditorTests.csproj", "{1d154334-090e-5585-2b0f-16957deb233e}"
EndProject
Project("{FAE04EC0-301F-11D3-BF4B-00C04F79EFBC}") = "Unity.Collections.Tests", "Unity.Collections.Tests.csproj", "{4248a3b7-ff66-cdbe-1aec-1d65d63cddea}"
EndProject
Project("{FAE04EC0-301F-11D3-BF4B-00C04F79EFBC}") = "Unity.2D.Psdimporter.EditorTests", "Unity.2D.Psdimporter.EditorTests.csproj", "{114d961f-ec3e-e457-d1fd-0862dbc93852}"
EndProject
Project("{FAE04EC0-301F-11D3-BF4B-00C04F79EFBC}") = "Unity.Collections.Tests.Playmode", "Unity.Collections.Tests.Playmode.csproj", "{849d1cbf-bc86-7519-5c2b-cc92c51a246a}"
EndProject
Project("{FAE04EC0-301F-11D3-BF4B-00C04F79EFBC}") = "Unity.2D.Animation.EditorTests", "Unity.2D.Animation.EditorTests.csproj", "{6966729c-b071-eefe-dcba-9fbd416b7976}"
EndProject
Project("{FAE04EC0-301F-11D3-BF4B-00C04F79EFBC}") = "Unity.2D.Tilemap.Extras.Placeholder.EditorTests", "Unity.2D.Tilemap.Extras.Placeholder.EditorTests.csproj", "{6c9a6f4a-9c25-7da2-c8b2-5a5bb721199c}"
EndProject
Global
	GlobalSection(SolutionConfigurationPlatforms) = preSolution
		Debug|Any CPU = Debug|Any CPU
	EndGlobalSection
	GlobalSection(ProjectConfigurationPlatforms) = postSolution
		{396c62b3-bca2-df81-4aa0-87ebf4719ce2}.Debug|Any CPU.ActiveCfg = Debug|Any CPU
		{396c62b3-bca2-df81-4aa0-87ebf4719ce2}.Debug|Any CPU.Build.0 = Debug|Any CPU
		{57f6d286-2a22-4be4-7044-7230643ccdf4}.Debug|Any CPU.ActiveCfg = Debug|Any CPU
		{57f6d286-2a22-4be4-7044-7230643ccdf4}.Debug|Any CPU.Build.0 = Debug|Any CPU
		{e5894b92-2f98-45c2-4a0d-bc9c6512a449}.Debug|Any CPU.ActiveCfg = Debug|Any CPU
		{e5894b92-2f98-45c2-4a0d-bc9c6512a449}.Debug|Any CPU.Build.0 = Debug|Any CPU
		{4a21847b-64e4-abac-af1b-332c4c5764bd}.Debug|Any CPU.ActiveCfg = Debug|Any CPU
		{4a21847b-64e4-abac-af1b-332c4c5764bd}.Debug|Any CPU.Build.0 = Debug|Any CPU
		{abaf8135-1149-eff2-2ed7-9200315a1241}.Debug|Any CPU.ActiveCfg = Debug|Any CPU
		{abaf8135-1149-eff2-2ed7-9200315a1241}.Debug|Any CPU.Build.0 = Debug|Any CPU
		{3496c5aa-699e-8a21-fe04-be1b2467592a}.Debug|Any CPU.ActiveCfg = Debug|Any CPU
		{3496c5aa-699e-8a21-fe04-be1b2467592a}.Debug|Any CPU.Build.0 = Debug|Any CPU
		{6fd2c7c7-451d-d3c6-6532-10e195c9c702}.Debug|Any CPU.ActiveCfg = Debug|Any CPU
		{6fd2c7c7-451d-d3c6-6532-10e195c9c702}.Debug|Any CPU.Build.0 = Debug|Any CPU
		{3c7c2359-71ab-378b-93c9-a24816e33c20}.Debug|Any CPU.ActiveCfg = Debug|Any CPU
		{3c7c2359-71ab-378b-93c9-a24816e33c20}.Debug|Any CPU.Build.0 = Debug|Any CPU
		{75d27bd4-af58-17ec-3c5d-f28df8c8ad7e}.Debug|Any CPU.ActiveCfg = Debug|Any CPU
		{75d27bd4-af58-17ec-3c5d-f28df8c8ad7e}.Debug|Any CPU.Build.0 = Debug|Any CPU
		{8529aeb7-b5d1-07fa-0fa4-160c3191c210}.Debug|Any CPU.ActiveCfg = Debug|Any CPU
		{8529aeb7-b5d1-07fa-0fa4-160c3191c210}.Debug|Any CPU.Build.0 = Debug|Any CPU
		{cf5a9223-d95c-6e5f-24f9-02e8c450b1de}.Debug|Any CPU.ActiveCfg = Debug|Any CPU
		{cf5a9223-d95c-6e5f-24f9-02e8c450b1de}.Debug|Any CPU.Build.0 = Debug|Any CPU
		{56c03ac6-22e6-5382-bd62-b84ccf7f6852}.Debug|Any CPU.ActiveCfg = Debug|Any CPU
		{56c03ac6-22e6-5382-bd62-b84ccf7f6852}.Debug|Any CPU.Build.0 = Debug|Any CPU
		{7acb1a99-85cc-1e4b-ce9a-c9c5fdec3f6f}.Debug|Any CPU.ActiveCfg = Debug|Any CPU
		{7acb1a99-85cc-1e4b-ce9a-c9c5fdec3f6f}.Debug|Any CPU.Build.0 = Debug|Any CPU
		{a135df6f-d7d6-40d7-38cb-496a0848bd62}.Debug|Any CPU.ActiveCfg = Debug|Any CPU
		{a135df6f-d7d6-40d7-38cb-496a0848bd62}.Debug|Any CPU.Build.0 = Debug|Any CPU
		{1eae5507-7618-b67e-cf11-2868cdd402ac}.Debug|Any CPU.ActiveCfg = Debug|Any CPU
		{1eae5507-7618-b67e-cf11-2868cdd402ac}.Debug|Any CPU.Build.0 = Debug|Any CPU
		{eeafaaf3-0a1a-612f-b9cb-44a81bd3c62b}.Debug|Any CPU.ActiveCfg = Debug|Any CPU
		{eeafaaf3-0a1a-612f-b9cb-44a81bd3c62b}.Debug|Any CPU.Build.0 = Debug|Any CPU
		{41bdf173-cf60-2e68-a79f-315f69b39893}.Debug|Any CPU.ActiveCfg = Debug|Any CPU
		{41bdf173-cf60-2e68-a79f-315f69b39893}.Debug|Any CPU.Build.0 = Debug|Any CPU
		{74ac45ab-33ee-63e2-8d88-cd91d1390223}.Debug|Any CPU.ActiveCfg = Debug|Any CPU
		{74ac45ab-33ee-63e2-8d88-cd91d1390223}.Debug|Any CPU.Build.0 = Debug|Any CPU
		{8680e22c-ee85-b570-ed06-45790fbfa770}.Debug|Any CPU.ActiveCfg = Debug|Any CPU
		{8680e22c-ee85-b570-ed06-45790fbfa770}.Debug|Any CPU.Build.0 = Debug|Any CPU
		{4a7794f1-f672-9042-9021-2679a6cf930f}.Debug|Any CPU.ActiveCfg = Debug|Any CPU
		{4a7794f1-f672-9042-9021-2679a6cf930f}.Debug|Any CPU.Build.0 = Debug|Any CPU
		{f31e7813-9523-a533-862b-bda3ac7ef77c}.Debug|Any CPU.ActiveCfg = Debug|Any CPU
		{f31e7813-9523-a533-862b-bda3ac7ef77c}.Debug|Any CPU.Build.0 = Debug|Any CPU
		{fb4ad0ee-2513-0a2c-09be-216c3418651d}.Debug|Any CPU.ActiveCfg = Debug|Any CPU
		{fb4ad0ee-2513-0a2c-09be-216c3418651d}.Debug|Any CPU.Build.0 = Debug|Any CPU
		{aa3c7b1e-b579-2d25-57c3-58ad579d688a}.Debug|Any CPU.ActiveCfg = Debug|Any CPU
		{aa3c7b1e-b579-2d25-57c3-58ad579d688a}.Debug|Any CPU.Build.0 = Debug|Any CPU
		{22aed5b7-2500-8be5-8e3a-f7daa1ccbcaf}.Debug|Any CPU.ActiveCfg = Debug|Any CPU
		{22aed5b7-2500-8be5-8e3a-f7daa1ccbcaf}.Debug|Any CPU.Build.0 = Debug|Any CPU
		{3f3ee718-8f58-a4e0-f679-47ce70bb30a0}.Debug|Any CPU.ActiveCfg = Debug|Any CPU
		{3f3ee718-8f58-a4e0-f679-47ce70bb30a0}.Debug|Any CPU.Build.0 = Debug|Any CPU
		{ad9d36c4-f798-bd10-2700-371134c5b692}.Debug|Any CPU.ActiveCfg = Debug|Any CPU
		{ad9d36c4-f798-bd10-2700-371134c5b692}.Debug|Any CPU.Build.0 = Debug|Any CPU
		{419eaead-5bdc-42fc-f1f4-cd0d40ab1e73}.Debug|Any CPU.ActiveCfg = Debug|Any CPU
		{419eaead-5bdc-42fc-f1f4-cd0d40ab1e73}.Debug|Any CPU.Build.0 = Debug|Any CPU
		{af869755-2f7c-f791-456b-4706fa39dd06}.Debug|Any CPU.ActiveCfg = Debug|Any CPU
		{af869755-2f7c-f791-456b-4706fa39dd06}.Debug|Any CPU.Build.0 = Debug|Any CPU
		{115c5cad-5157-968a-30ac-cbb9ad3fde5b}.Debug|Any CPU.ActiveCfg = Debug|Any CPU
		{115c5cad-5157-968a-30ac-cbb9ad3fde5b}.Debug|Any CPU.Build.0 = Debug|Any CPU
		{5437b3fd-61b5-3e89-2c31-0e1e08433bc0}.Debug|Any CPU.ActiveCfg = Debug|Any CPU
		{5437b3fd-61b5-3e89-2c31-0e1e08433bc0}.Debug|Any CPU.Build.0 = Debug|Any CPU
		{4316b86b-c7ea-1fbe-b78e-d77f36419877}.Debug|Any CPU.ActiveCfg = Debug|Any CPU
		{4316b86b-c7ea-1fbe-b78e-d77f36419877}.Debug|Any CPU.Build.0 = Debug|Any CPU
		{949e4940-5740-145e-dca8-e9c2ec000646}.Debug|Any CPU.ActiveCfg = Debug|Any CPU
		{949e4940-5740-145e-dca8-e9c2ec000646}.Debug|Any CPU.Build.0 = Debug|Any CPU
		{4b5ccc82-8e67-3a3f-3eae-98edb4a1ce01}.Debug|Any CPU.ActiveCfg = Debug|Any CPU
		{4b5ccc82-8e67-3a3f-3eae-98edb4a1ce01}.Debug|Any CPU.Build.0 = Debug|Any CPU
		{02314e7d-d437-6338-95a6-a12f1be2e560}.Debug|Any CPU.ActiveCfg = Debug|Any CPU
		{02314e7d-d437-6338-95a6-a12f1be2e560}.Debug|Any CPU.Build.0 = Debug|Any CPU
		{59b72af8-8371-bb0d-6fc0-40ad018cad44}.Debug|Any CPU.ActiveCfg = Debug|Any CPU
		{59b72af8-8371-bb0d-6fc0-40ad018cad44}.Debug|Any CPU.Build.0 = Debug|Any CPU
		{ddfcd39c-067e-b6f0-d531-e5e4159c7f97}.Debug|Any CPU.ActiveCfg = Debug|Any CPU
		{ddfcd39c-067e-b6f0-d531-e5e4159c7f97}.Debug|Any CPU.Build.0 = Debug|Any CPU
		{3e8cf8d7-fc60-6ba7-2a49-d71d180565cb}.Debug|Any CPU.ActiveCfg = Debug|Any CPU
		{3e8cf8d7-fc60-6ba7-2a49-d71d180565cb}.Debug|Any CPU.Build.0 = Debug|Any CPU
		{1d154334-090e-5585-2b0f-16957deb233e}.Debug|Any CPU.ActiveCfg = Debug|Any CPU
		{1d154334-090e-5585-2b0f-16957deb233e}.Debug|Any CPU.Build.0 = Debug|Any CPU
		{4248a3b7-ff66-cdbe-1aec-1d65d63cddea}.Debug|Any CPU.ActiveCfg = Debug|Any CPU
		{4248a3b7-ff66-cdbe-1aec-1d65d63cddea}.Debug|Any CPU.Build.0 = Debug|Any CPU
		{114d961f-ec3e-e457-d1fd-0862dbc93852}.Debug|Any CPU.ActiveCfg = Debug|Any CPU
		{114d961f-ec3e-e457-d1fd-0862dbc93852}.Debug|Any CPU.Build.0 = Debug|Any CPU
		{849d1cbf-bc86-7519-5c2b-cc92c51a246a}.Debug|Any CPU.ActiveCfg = Debug|Any CPU
		{849d1cbf-bc86-7519-5c2b-cc92c51a246a}.Debug|Any CPU.Build.0 = Debug|Any CPU
		{6966729c-b071-eefe-dcba-9fbd416b7976}.Debug|Any CPU.ActiveCfg = Debug|Any CPU
		{6966729c-b071-eefe-dcba-9fbd416b7976}.Debug|Any CPU.Build.0 = Debug|Any CPU
		{6c9a6f4a-9c25-7da2-c8b2-5a5bb721199c}.Debug|Any CPU.ActiveCfg = Debug|Any CPU
		{6c9a6f4a-9c25-7da2-c8b2-5a5bb721199c}.Debug|Any CPU.Build.0 = Debug|Any CPU
	EndGlobalSection
	GlobalSection(SolutionProperties) = preSolution
		HideSolutionNode = FALSE
	EndGlobalSection
EndGlobal
